
Microsoft Visual Studio Solution File, Format Version 12.00
# Visual Studio 15
VisualStudioVersion = 15.0.28307.421
MinimumVisualStudioVersion = 10.0.40219.1
Project("{9A19103F-16F7-4668-BE54-9A1E7A4F7556}") = "CalastoneAssignment", "CalastoneAssignment\CalastoneAssignment.csproj", "{0014AF56-1DD7-4F7A-9B95-C86EED0E286E}"
EndProject
Project("{FAE04EC0-301F-11D3-BF4B-00C04F79EFBC}") = "CalastoneLibrary", "CalastoneLibrary\CalastoneLibrary.csproj", "{B3F51917-62BE-4FF8-B5CB-F78A944C45B3}"
EndProject
Project("{FAE04EC0-301F-11D3-BF4B-00C04F79EFBC}") = "CalastoneUnitTest", "CalastoneUnitTest\CalastoneUnitTest.csproj", "{1F1993CD-4DFD-4C1F-AB11-3D20E6C26B2D}"
EndProject
Global
	GlobalSection(SolutionConfigurationPlatforms) = preSolution
		Debug|Any CPU = Debug|Any CPU
		Release|Any CPU = Release|Any CPU
	EndGlobalSection
	GlobalSection(ProjectConfigurationPlatforms) = postSolution
		{0014AF56-1DD7-4F7A-9B95-C86EED0E286E}.Debug|Any CPU.ActiveCfg = Debug|Any CPU
		{0014AF56-1DD7-4F7A-9B95-C86EED0E286E}.Debug|Any CPU.Build.0 = Debug|Any CPU
		{0014AF56-1DD7-4F7A-9B95-C86EED0E286E}.Release|Any CPU.ActiveCfg = Release|Any CPU
		{0014AF56-1DD7-4F7A-9B95-C86EED0E286E}.Release|Any CPU.Build.0 = Release|Any CPU
		{B3F51917-62BE-4FF8-B5CB-F78A944C45B3}.Debug|Any CPU.ActiveCfg = Debug|Any CPU
		{B3F51917-62BE-4FF8-B5CB-F78A944C45B3}.Debug|Any CPU.Build.0 = Debug|Any CPU
		{B3F51917-62BE-4FF8-B5CB-F78A944C45B3}.Release|Any CPU.ActiveCfg = Release|Any CPU
		{B3F51917-62BE-4FF8-B5CB-F78A944C45B3}.Release|Any CPU.Build.0 = Release|Any CPU
		{1F1993CD-4DFD-4C1F-AB11-3D20E6C26B2D}.Debug|Any CPU.ActiveCfg = Debug|Any CPU
		{1F1993CD-4DFD-4C1F-AB11-3D20E6C26B2D}.Debug|Any CPU.Build.0 = Debug|Any CPU
		{1F1993CD-4DFD-4C1F-AB11-3D20E6C26B2D}.Release|Any CPU.ActiveCfg = Release|Any CPU
		{1F1993CD-4DFD-4C1F-AB11-3D20E6C26B2D}.Release|Any CPU.Build.0 = Release|Any CPU
	EndGlobalSection
	GlobalSection(SolutionProperties) = preSolution
		HideSolutionNode = FALSE
	EndGlobalSection
	GlobalSection(ExtensibilityGlobals) = postSolution
		SolutionGuid = {1F97E755-A99F-439A-B3B9-2F29CFE0275C}
	EndGlobalSection
EndGlobal
